github.com/google/uuid v1.3.0 h1:t6JiXgmwXMjEs8VusXIJk2BXHsn+wx8BZdTaoZ5fu7I=
github.com/google/uuid v1.3.0/go.mod h1:TIyPZe4MgqvfeYDBFedMoGGpEw/LqOeaOT+nhxU+yHo=
github.com/rgfaber/go-vesca/sdk v0.0.0-20220327123044-4eaf3d2da068 h1:+CvGVnGqCJJhoMurMBNGFoqWByd7OhIRNr0Aq46wb4I=
github.com/rgfaber/go-vesca/sdk v0.0.0-20220327123044-4eaf3d2da068/go.mod h1:SluRaWOQMYcf2jfiMvgDapafAVQxwJYuG8qAuQvS718=
